
Microsoft Visual Studio Solution File, Format Version 12.00
# Visual Studio Version 17
VisualStudioVersion = 17.0.31612.314
MinimumVisualStudioVersion = 10.0.40219.1
Project("{FAE04EC0-301F-11D3-BF4B-00C04F79EFBC}") = "Producer", "Producer\Producer.csproj", "{6FE4679F-3C42-4B5B-91D9-3E350BFF9B15}"
EndProject
Project("{FAE04EC0-301F-11D3-BF4B-00C04F79EFBC}") = "Contracts", "Contracts\Contracts.csproj", "{4DFBE726-ABCD-40D2-AA05-02AF2C31CDB6}"
EndProject
Project("{FAE04EC0-301F-11D3-BF4B-00C04F79EFBC}") = "Worker", "Worker\Worker.csproj", "{D3086BAD-66C2-4283-9876-04AB0762F5A2}"
EndProject
Global
	GlobalSection(SolutionConfigurationPlatforms) = preSolution
		Debug|Any CPU = Debug|Any CPU
		Release|Any CPU = Release|Any CPU
	EndGlobalSection
	GlobalSection(ProjectConfigurationPlatforms) = postSolution
		{6FE4679F-3C42-4B5B-91D9-3E350BFF9B15}.Debug|Any CPU.ActiveCfg = Debug|Any CPU
		{6FE4679F-3C42-4B5B-91D9-3E350BFF9B15}.Debug|Any CPU.Build.0 = Debug|Any CPU
		{6FE4679F-3C42-4B5B-91D9-3E350BFF9B15}.Release|Any CPU.ActiveCfg = Release|Any CPU
		{6FE4679F-3C42-4B5B-91D9-3E350BFF9B15}.Release|Any CPU.Build.0 = Release|Any CPU
		{4DFBE726-ABCD-40D2-AA05-02AF2C31CDB6}.Debug|Any CPU.ActiveCfg = Debug|Any CPU
		{4DFBE726-ABCD-40D2-AA05-02AF2C31CDB6}.Debug|Any CPU.Build.0 = Debug|Any CPU
		{4DFBE726-ABCD-40D2-AA05-02AF2C31CDB6}.Release|Any CPU.ActiveCfg = Release|Any CPU
		{4DFBE726-ABCD-40D2-AA05-02AF2C31CDB6}.Release|Any CPU.Build.0 = Release|Any CPU
		{D3086BAD-66C2-4283-9876-04AB0762F5A2}.Debug|Any CPU.ActiveCfg = Debug|Any CPU
		{D3086BAD-66C2-4283-9876-04AB0762F5A2}.Debug|Any CPU.Build.0 = Debug|Any CPU
		{D3086BAD-66C2-4283-9876-04AB0762F5A2}.Release|Any CPU.ActiveCfg = Release|Any CPU
		{D3086BAD-66C2-4283-9876-04AB0762F5A2}.Release|Any CPU.Build.0 = Release|Any CPU
	EndGlobalSection
	GlobalSection(SolutionProperties) = preSolution
		HideSolutionNode = FALSE
	EndGlobalSection
	GlobalSection(ExtensibilityGlobals) = postSolution
		SolutionGuid = {7EA988B9-6DEB-4ECD-9B76-7E01F658D28D}
	EndGlobalSection
EndGlobal
