
Microsoft Visual Studio Solution File, Format Version 12.00
# Visual Studio Version 17
VisualStudioVersion = 17.0.31423.177
MinimumVisualStudioVersion = 10.0.40219.1
Project("{FAE04EC0-301F-11D3-BF4B-00C04F79EFBC}") = "Producer", "Producer\Producer.csproj", "{55E4398C-C0C0-434F-9E6B-4374996613E8}"
EndProject
Project("{FAE04EC0-301F-11D3-BF4B-00C04F79EFBC}") = "HumidityListener", "FirstConsumer\HumidityListener.csproj", "{B3259B5C-FCC8-4DD2-AA21-403F3364F0E5}"
EndProject
Project("{FAE04EC0-301F-11D3-BF4B-00C04F79EFBC}") = "TemperatureListener", "SecondConsumer\TemperatureListener.csproj", "{25704324-C841-467C-B732-989771045CE2}"
EndProject
Project("{FAE04EC0-301F-11D3-BF4B-00C04F79EFBC}") = "Contracts", "Contracts\Contracts.csproj", "{1FC7B424-2F37-4C97-91C8-EB3A31C93AB1}"
EndProject
Project("{FAE04EC0-301F-11D3-BF4B-00C04F79EFBC}") = "CommonWeatherListener", "CommonWeatherListener\CommonWeatherListener.csproj", "{3E8C714C-D5FB-4E79-A4D1-D6493363F26E}"
EndProject
Global
	GlobalSection(SolutionConfigurationPlatforms) = preSolution
		Debug|Any CPU = Debug|Any CPU
		Release|Any CPU = Release|Any CPU
	EndGlobalSection
	GlobalSection(ProjectConfigurationPlatforms) = postSolution
		{55E4398C-C0C0-434F-9E6B-4374996613E8}.Debug|Any CPU.ActiveCfg = Debug|Any CPU
		{55E4398C-C0C0-434F-9E6B-4374996613E8}.Debug|Any CPU.Build.0 = Debug|Any CPU
		{55E4398C-C0C0-434F-9E6B-4374996613E8}.Release|Any CPU.ActiveCfg = Release|Any CPU
		{55E4398C-C0C0-434F-9E6B-4374996613E8}.Release|Any CPU.Build.0 = Release|Any CPU
		{B3259B5C-FCC8-4DD2-AA21-403F3364F0E5}.Debug|Any CPU.ActiveCfg = Debug|Any CPU
		{B3259B5C-FCC8-4DD2-AA21-403F3364F0E5}.Debug|Any CPU.Build.0 = Debug|Any CPU
		{B3259B5C-FCC8-4DD2-AA21-403F3364F0E5}.Release|Any CPU.ActiveCfg = Release|Any CPU
		{B3259B5C-FCC8-4DD2-AA21-403F3364F0E5}.Release|Any CPU.Build.0 = Release|Any CPU
		{25704324-C841-467C-B732-989771045CE2}.Debug|Any CPU.ActiveCfg = Debug|Any CPU
		{25704324-C841-467C-B732-989771045CE2}.Debug|Any CPU.Build.0 = Debug|Any CPU
		{25704324-C841-467C-B732-989771045CE2}.Release|Any CPU.ActiveCfg = Release|Any CPU
		{25704324-C841-467C-B732-989771045CE2}.Release|Any CPU.Build.0 = Release|Any CPU
		{1FC7B424-2F37-4C97-91C8-EB3A31C93AB1}.Debug|Any CPU.ActiveCfg = Debug|Any CPU
		{1FC7B424-2F37-4C97-91C8-EB3A31C93AB1}.Debug|Any CPU.Build.0 = Debug|Any CPU
		{1FC7B424-2F37-4C97-91C8-EB3A31C93AB1}.Release|Any CPU.ActiveCfg = Release|Any CPU
		{1FC7B424-2F37-4C97-91C8-EB3A31C93AB1}.Release|Any CPU.Build.0 = Release|Any CPU
		{3E8C714C-D5FB-4E79-A4D1-D6493363F26E}.Debug|Any CPU.ActiveCfg = Debug|Any CPU
		{3E8C714C-D5FB-4E79-A4D1-D6493363F26E}.Debug|Any CPU.Build.0 = Debug|Any CPU
		{3E8C714C-D5FB-4E79-A4D1-D6493363F26E}.Release|Any CPU.ActiveCfg = Release|Any CPU
		{3E8C714C-D5FB-4E79-A4D1-D6493363F26E}.Release|Any CPU.Build.0 = Release|Any CPU
	EndGlobalSection
	GlobalSection(SolutionProperties) = preSolution
		HideSolutionNode = FALSE
	EndGlobalSection
	GlobalSection(ExtensibilityGlobals) = postSolution
		SolutionGuid = {EED5E614-89B6-41B9-888B-183A16743B2A}
	EndGlobalSection
EndGlobal
