
Microsoft Visual Studio Solution File, Format Version 12.00
# Visual Studio Version 17
VisualStudioVersion = 17.0.31612.314
MinimumVisualStudioVersion = 10.0.40219.1
Project("{FAE04EC0-301F-11D3-BF4B-00C04F79EFBC}") = "Saga.Api", "Api\Saga.Api.csproj", "{93A68B91-0A20-4C7E-96AD-57EBEEAD36B2}"
EndProject
Project("{FAE04EC0-301F-11D3-BF4B-00C04F79EFBC}") = "Saga.Contracts", "Saga.Contracts\Saga.Contracts.csproj", "{A22E3ACB-ACDF-466F-B83B-6F77C6D1392C}"
EndProject
Project("{FAE04EC0-301F-11D3-BF4B-00C04F79EFBC}") = "Saga.Components", "Saga.Components\Saga.Components.csproj", "{3489B6A2-3A0E-4EA1-8EC2-8C1B3F1623B7}"
EndProject
Project("{FAE04EC0-301F-11D3-BF4B-00C04F79EFBC}") = "Saga.Service", "Saga.Service\Saga.Service.csproj", "{B8C76469-B7BB-48F1-98A4-022DD1E74A62}"
EndProject
Global
	GlobalSection(SolutionConfigurationPlatforms) = preSolution
		Debug|Any CPU = Debug|Any CPU
		Release|Any CPU = Release|Any CPU
	EndGlobalSection
	GlobalSection(ProjectConfigurationPlatforms) = postSolution
		{93A68B91-0A20-4C7E-96AD-57EBEEAD36B2}.Debug|Any CPU.ActiveCfg = Debug|Any CPU
		{93A68B91-0A20-4C7E-96AD-57EBEEAD36B2}.Debug|Any CPU.Build.0 = Debug|Any CPU
		{93A68B91-0A20-4C7E-96AD-57EBEEAD36B2}.Release|Any CPU.ActiveCfg = Release|Any CPU
		{93A68B91-0A20-4C7E-96AD-57EBEEAD36B2}.Release|Any CPU.Build.0 = Release|Any CPU
		{A22E3ACB-ACDF-466F-B83B-6F77C6D1392C}.Debug|Any CPU.ActiveCfg = Debug|Any CPU
		{A22E3ACB-ACDF-466F-B83B-6F77C6D1392C}.Debug|Any CPU.Build.0 = Debug|Any CPU
		{A22E3ACB-ACDF-466F-B83B-6F77C6D1392C}.Release|Any CPU.ActiveCfg = Release|Any CPU
		{A22E3ACB-ACDF-466F-B83B-6F77C6D1392C}.Release|Any CPU.Build.0 = Release|Any CPU
		{3489B6A2-3A0E-4EA1-8EC2-8C1B3F1623B7}.Debug|Any CPU.ActiveCfg = Debug|Any CPU
		{3489B6A2-3A0E-4EA1-8EC2-8C1B3F1623B7}.Debug|Any CPU.Build.0 = Debug|Any CPU
		{3489B6A2-3A0E-4EA1-8EC2-8C1B3F1623B7}.Release|Any CPU.ActiveCfg = Release|Any CPU
		{3489B6A2-3A0E-4EA1-8EC2-8C1B3F1623B7}.Release|Any CPU.Build.0 = Release|Any CPU
		{B8C76469-B7BB-48F1-98A4-022DD1E74A62}.Debug|Any CPU.ActiveCfg = Debug|Any CPU
		{B8C76469-B7BB-48F1-98A4-022DD1E74A62}.Debug|Any CPU.Build.0 = Debug|Any CPU
		{B8C76469-B7BB-48F1-98A4-022DD1E74A62}.Release|Any CPU.ActiveCfg = Release|Any CPU
		{B8C76469-B7BB-48F1-98A4-022DD1E74A62}.Release|Any CPU.Build.0 = Release|Any CPU
	EndGlobalSection
	GlobalSection(SolutionProperties) = preSolution
		HideSolutionNode = FALSE
	EndGlobalSection
	GlobalSection(ExtensibilityGlobals) = postSolution
		SolutionGuid = {7718B55E-630E-4296-8CB3-E57FAD462308}
	EndGlobalSection
EndGlobal
