
Microsoft Visual Studio Solution File, Format Version 12.00
# Visual Studio Version 17
VisualStudioVersion = 17.0.31423.177
MinimumVisualStudioVersion = 10.0.40219.1
Project("{9A19103F-16F7-4668-BE54-9A1E7A4F7556}") = "Api", "Api\Api.csproj", "{21DA3BB5-F977-4B41-8B1A-C194C6BB9F97}"
EndProject
Project("{9A19103F-16F7-4668-BE54-9A1E7A4F7556}") = "Contracts", "Contracts\Contracts.csproj", "{8FE32DE3-6676-466E-9347-342D4EF3C9EE}"
EndProject
Project("{9A19103F-16F7-4668-BE54-9A1E7A4F7556}") = "Components", "Components\Components.csproj", "{18B43A28-8033-413D-A03C-1062865827E6}"
EndProject
Project("{FAE04EC0-301F-11D3-BF4B-00C04F79EFBC}") = "Service", "Service\Service.csproj", "{87995F61-4E94-406F-BE98-21D4620666FA}"
EndProject
Global
	GlobalSection(SolutionConfigurationPlatforms) = preSolution
		Debug|Any CPU = Debug|Any CPU
		Release|Any CPU = Release|Any CPU
	EndGlobalSection
	GlobalSection(ProjectConfigurationPlatforms) = postSolution
		{21DA3BB5-F977-4B41-8B1A-C194C6BB9F97}.Debug|Any CPU.ActiveCfg = Debug|Any CPU
		{21DA3BB5-F977-4B41-8B1A-C194C6BB9F97}.Debug|Any CPU.Build.0 = Debug|Any CPU
		{21DA3BB5-F977-4B41-8B1A-C194C6BB9F97}.Release|Any CPU.ActiveCfg = Release|Any CPU
		{21DA3BB5-F977-4B41-8B1A-C194C6BB9F97}.Release|Any CPU.Build.0 = Release|Any CPU
		{8FE32DE3-6676-466E-9347-342D4EF3C9EE}.Debug|Any CPU.ActiveCfg = Debug|Any CPU
		{8FE32DE3-6676-466E-9347-342D4EF3C9EE}.Debug|Any CPU.Build.0 = Debug|Any CPU
		{8FE32DE3-6676-466E-9347-342D4EF3C9EE}.Release|Any CPU.ActiveCfg = Release|Any CPU
		{8FE32DE3-6676-466E-9347-342D4EF3C9EE}.Release|Any CPU.Build.0 = Release|Any CPU
		{18B43A28-8033-413D-A03C-1062865827E6}.Debug|Any CPU.ActiveCfg = Debug|Any CPU
		{18B43A28-8033-413D-A03C-1062865827E6}.Debug|Any CPU.Build.0 = Debug|Any CPU
		{18B43A28-8033-413D-A03C-1062865827E6}.Release|Any CPU.ActiveCfg = Release|Any CPU
		{18B43A28-8033-413D-A03C-1062865827E6}.Release|Any CPU.Build.0 = Release|Any CPU
		{87995F61-4E94-406F-BE98-21D4620666FA}.Debug|Any CPU.ActiveCfg = Debug|Any CPU
		{87995F61-4E94-406F-BE98-21D4620666FA}.Debug|Any CPU.Build.0 = Debug|Any CPU
		{87995F61-4E94-406F-BE98-21D4620666FA}.Release|Any CPU.ActiveCfg = Release|Any CPU
		{87995F61-4E94-406F-BE98-21D4620666FA}.Release|Any CPU.Build.0 = Release|Any CPU
	EndGlobalSection
	GlobalSection(SolutionProperties) = preSolution
		HideSolutionNode = FALSE
	EndGlobalSection
	GlobalSection(ExtensibilityGlobals) = postSolution
		SolutionGuid = {B92B6099-A386-4893-8CE4-1D582D46C30F}
	EndGlobalSection
EndGlobal
